
Microsoft Visual Studio Solution File, Format Version 12.00
# Visual Studio 15
VisualStudioVersion = 15.0.28307.1062
MinimumVisualStudioVersion = 10.0.40219.1
Project("{FAE04EC0-301F-11D3-BF4B-00C04F79EFBC}") = "GameServer", "GameServer\GameServer.csproj", "{84A48B84-7A1E-433F-8BEF-3758CFA9CD48}"
EndProject
Global
	GlobalSection(SolutionConfigurationPlatforms) = preSolution
		Debug|Any CPU = Debug|Any CPU
		Release|Any CPU = Release|Any CPU
	EndGlobalSection
	GlobalSection(ProjectConfigurationPlatforms) = postSolution
		{84A48B84-7A1E-433F-8BEF-3758CFA9CD48}.Debug|Any CPU.ActiveCfg = Debug|Any CPU
		{84A48B84-7A1E-433F-8BEF-3758CFA9CD48}.Debug|Any CPU.Build.0 = Debug|Any CPU
		{84A48B84-7A1E-433F-8BEF-3758CFA9CD48}.Release|Any CPU.ActiveCfg = Release|Any CPU
		{84A48B84-7A1E-433F-8BEF-3758CFA9CD48}.Release|Any CPU.Build.0 = Release|Any CPU
	EndGlobalSection
	GlobalSection(SolutionProperties) = preSolution
		HideSolutionNode = FALSE
	EndGlobalSection
	GlobalSection(ExtensibilityGlobals) = postSolution
		SolutionGuid = {7E885DC4-A7E9-4C32-A84C-C444081AFBA4}
	EndGlobalSection
EndGlobal
